
Microsoft Visual Studio Solution File, Format Version 12.00
# Visual Studio Version 17
VisualStudioVersion = 17.14.36511.14 d17.14
MinimumVisualStudioVersion = 10.0.40219.1
Project("{FAE04EC0-301F-11D3-BF4B-00C04F79EFBC}") = "ECommerce", "ECommerce\ECommerce.csproj", "{1E3C569F-24CE-49B8-A42E-40D6061AC612}"
EndProject
Global
	GlobalSection(SolutionConfigurationPlatforms) = preSolution
		Debug|Any CPU = Debug|Any CPU
		Release|Any CPU = Release|Any CPU
	EndGlobalSection
	GlobalSection(ProjectConfigurationPlatforms) = postSolution
		{1E3C569F-24CE-49B8-A42E-40D6061AC612}.Debug|Any CPU.ActiveCfg = Debug|Any CPU
		{1E3C569F-24CE-49B8-A42E-40D6061AC612}.Debug|Any CPU.Build.0 = Debug|Any CPU
		{1E3C569F-24CE-49B8-A42E-40D6061AC612}.Release|Any CPU.ActiveCfg = Release|Any CPU
		{1E3C569F-24CE-49B8-A42E-40D6061AC612}.Release|Any CPU.Build.0 = Release|Any CPU
	EndGlobalSection
	GlobalSection(SolutionProperties) = preSolution
		HideSolutionNode = FALSE
	EndGlobalSection
	GlobalSection(ExtensibilityGlobals) = postSolution
		SolutionGuid = {BD3A58E5-E5F8-49A4-A32E-866FEEF2BA19}
	EndGlobalSection
EndGlobal
